// !$*UTF8*$!
{
	archiveVersion = 1;
	classes = {
	};
	objectVersion = 46;
	objects = {

/* Begin PBXBuildFile section */
		59A2355F1C5F6A750083348C /* AppDelegate.swift in Sources */ = {isa = PBXBuildFile; fileRef = 59A2355E1C5F6A750083348C /* AppDelegate.swift */; };
		59A235611C5F6A750083348C /* ViewController.swift in Sources */ = {isa = PBXBuildFile; fileRef = 59A235601C5F6A750083348C /* ViewController.swift */; };
		59A235641C5F6A750083348C /* Main.storyboard in Resources */ = {isa = PBXBuildFile; fileRef = 59A235621C5F6A750083348C /* Main.storyboard */; };
		59A235661C5F6A750083348C /* Assets.xcassets in Resources */ = {isa = PBXBuildFile; fileRef = 59A235651C5F6A750083348C /* Assets.xcassets */; };
		59A235691C5F6A750083348C /* LaunchScreen.storyboard in Resources */ = {isa = PBXBuildFile; fileRef = 59A235671C5F6A750083348C /* LaunchScreen.storyboard */; };
/* End PBXBuildFile section */

/* Begin PBXFileReference section */
		59A2355B1C5F6A750083348C /* Tanks.app */ = {isa = PBXFileReference; explicitFileType = wrapper.application; includeInIndex = 0; path = Tanks.app; sourceTree = BUILT_PRODUCTS_DIR; };
		59A2355E1C5F6A750083348C /* AppDelegate.swift */ = {isa = PBXFileReference; lastKnownFileType = sourcecode.swift; path = AppDelegate.swift; sourceTree = "<group>"; };
		59A235601C5F6A750083348C /* ViewController.swift */ = {isa = PBXFileReference; lastKnownFileType = sourcecode.swift; path = ViewController.swift; sourceTree = "<group>"; };
		59A235631C5F6A750083348C /* Base */ = {isa = PBXFileReference; lastKnownFileType = file.storyboard; name = Base; path = Base.lproj/Main.storyboard; sourceTree = "<group>"; };
		59A235651C5F6A750083348C /* Assets.xcassets */ = {isa = PBXFileReference; lastKnownFileType = folder.assetcatalog; path = Assets.xcassets; sourceTree = "<group>"; };
		59A235681C5F6A750083348C /* Base */ = {isa = PBXFileReference; lastKnownFileType = file.storyboard; name = Base; path = Base.lproj/LaunchScreen.storyboard; sourceTree = "<group>"; };
		59A2356A1C5F6A750083348C /* Info.plist */ = {isa = PBXFileReference; lastKnownFileType = text.plist.xml; path = Info.plist; sourceTree = "<group>"; };
/* End PBXFileReference section */

/* Begin PBXFrameworksBuildPhase section */
		59A235581C5F6A750083348C /* Frameworks */ = {
			isa = PBXFrameworksBuildPhase;
			buildActionMask = 2147483647;
			files = (
			);
			runOnlyForDeploymentPostprocessing = 0;
		};
/* End PBXFrameworksBuildPhase section */

/* Begin PBXGroup section */
		59A235521C5F6A750083348C = {
			isa = PBXGroup;
			children = (
				59A2355D1C5F6A750083348C /* Tanks */,
				59A2355C1C5F6A750083348C /* Products */,
			);
			sourceTree = "<group>";
		};
		59A2355C1C5F6A750083348C /* Products */ = {
			isa = PBXGroup;
			children = (
				59A2355B1C5F6A750083348C /* Tanks.app */,
			);
			name = Products;
			sourceTree = "<group>";
		};
		59A2355D1C5F6A750083348C /* Tanks */ = {
			isa = PBXGroup;
			children = (
				59A2355E1C5F6A750083348C /* AppDelegate.swift */,
				59A235601C5F6A750083348C /* ViewController.swift */,
				59A235621C5F6A750083348C /* Main.storyboard */,
				59A235651C5F6A750083348C /* Assets.xcassets */,
				59A235671C5F6A750083348C /* LaunchScreen.storyboard */,
				59A2356A1C5F6A750083348C /* Info.plist */,
			);
			path = Tanks;
			sourceTree = "<group>";
		};
/* End PBXGroup section */

/* Begin PBXNativeTarget section */
		59A2355A1C5F6A750083348C /* Tanks */ = {
			isa = PBXNativeTarget;
			buildConfigurationList = 59A2356D1C5F6A750083348C /* Build configuration list for PBXNativeTarget "Tanks" */;
			buildPhases = (
				59A235571C5F6A750083348C /* Sources */,
				59A235581C5F6A750083348C /* Frameworks */,
				59A235591C5F6A750083348C /* Resources */,
			);
			buildRules = (
			);
			dependencies = (
			);
			name = Tanks;
			productName = Tanks;
			productReference = 59A2355B1C5F6A750083348C /* Tanks.app */;
			productType = "com.apple.product-type.application";
		};
/* End PBXNativeTarget section */

/* Begin PBXProject section */
		59A235531C5F6A750083348C /* Project object */ = {
			isa = PBXProject;
			attributes = {
				LastSwiftUpdateCheck = 0720;
				LastUpgradeCheck = 0720;
				ORGANIZATIONNAME = "Cosmin Stroilescu";
				TargetAttributes = {
					59A2355A1C5F6A750083348C = {
						CreatedOnToolsVersion = 7.2;
					};
				};
			};
			buildConfigurationList = 59A235561C5F6A750083348C /* Build configuration list for PBXProject "Tanks" */;
			compatibilityVersion = "Xcode 3.2";
			developmentRegion = English;
			hasScannedForEncodings = 0;
			knownRegions = (
				en,
				Base,
			);
			mainGroup = 59A235521C5F6A750083348C;
			productRefGroup = 59A2355C1C5F6A750083348C /* Products */;
			projectDirPath = "";
			projectRoot = "";
			targets = (
				59A2355A1C5F6A750083348C /* Tanks */,
			);
		};
/* End PBXProject section */

/* Begin PBXResourcesBuildPhase section */
		59A235591C5F6A750083348C /* Resources */ = {
			isa = PBXResourcesBuildPhase;
			buildActionMask = 2147483647;
			files = (
				59A235691C5F6A750083348C /* LaunchScreen.storyboard in Resources */,
				59A235661C5F6A750083348C /* Assets.xcassets in Resources */,
				59A235641C5F6A750083348C /* Main.storyboard in Resources */,
			);
			runOnlyForDeploymentPostprocessing = 0;
		};
/* End PBXResourcesBuildPhase section */

/* Begin PBXSourcesBuildPhase section */
		59A235571C5F6A750083348C /* Sources */ = {
			isa = PBXSourcesBuildPhase;
			buildActionMask = 2147483647;
			files = (
				59A235611C5F6A750083348C /* ViewController.swift in Sources */,
				59A2355F1C5F6A750083348C /* AppDelegate.swift in Sources */,
			);
			runOnlyForDeploymentPostprocessing = 0;
		};
/* End PBXSourcesBuildPhase section */

/* Begin PBXVariantGroup section */
		59A235621C5F6A750083348C /* Main.storyboard */ = {
			isa = PBXVariantGroup;
			children = (
				59A235631C5F6A750083348C /* Base */,
			);
			name = Main.storyboard;
			sourceTree = "<group>";
		};
		59A235671C5F6A750083348C /* LaunchScreen.storyboard */ = {
			isa = PBXVariantGroup;
			children = (
				59A235681C5F6A750083348C /* Base */,
			);
			name = LaunchScreen.storyboard;
			sourceTree = "<group>";
		};
/* End PBXVariantGroup section */

/* Begin XCBuildConfiguration section */
		59A2356B1C5F6A750083348C /* Debug */ = {
			isa = XCBuildConfiguration;
			buildSettings = {
				ALWAYS_SEARCH_USER_PATHS = NO;
				CLANG_CXX_LANGUAGE_STANDARD = "gnu++0x";
				CLANG_CXX_LIBRARY = "libc++";
				CLANG_ENABLE_MODULES = YES;
				CLANG_ENABLE_OBJC_ARC = YES;
				CLANG_WARN_BOOL_CONVERSION = YES;
				CLANG_WARN_CONSTANT_CONVERSION = YES;
				CLANG_WARN_DIRECT_OBJC_ISA_USAGE = YES_ERROR;
				CLANG_WARN_EMPTY_BODY = YES;
				CLANG_WARN_ENUM_CONVERSION = YES;
				CLANG_WARN_INT_CONVERSION = YES;
				CLANG_WARN_OBJC_ROOT_CLASS = YES_ERROR;
				CLANG_WARN_UNREACHABLE_CODE = YES;
				CLANG_WARN__DUPLICATE_METHOD_MATCH = YES;
				"CODE_SIGN_IDENTITY[sdk=iphoneos*]" = "iPhone Developer";
				COPY_PHASE_STRIP = NO;
				DEBUG_INFORMATION_FORMAT = dwarf;
				ENABLE_STRICT_OBJC_MSGSEND = YES;
				ENABLE_TESTABILITY = YES;
				GCC_C_LANGUAGE_STANDARD = gnu99;
				GCC_DYNAMIC_NO_PIC = NO;
				GCC_NO_COMMON_BLOCKS = YES;
				GCC_OPTIMIZATION_LEVEL = 0;
				GCC_PREPROCESSOR_DEFINITIONS = (
					"DEBUG=1",
					"$(inherited)",
				);
				GCC_WARN_64_TO_32_BIT_CONVERSION = YES;
				GCC_WARN_ABOUT_RETURN_TYPE = YES_ERROR;
				GCC_WARN_UNDECLARED_SELECTOR = YES;
				GCC_WARN_UNINITIALIZED_AUTOS = YES_AGGRESSIVE;
				GCC_WARN_UNUSED_FUNCTION = YES;
				GCC_WARN_UNUSED_VARIABLE = YES;
				IPHONEOS_DEPLOYMENT_TARGET = 9.2;
				MTL_ENABLE_DEBUG_INFO = YES;
				ONLY_ACTIVE_ARCH = YES;
				SDKROOT = iphoneos;
				SWIFT_OPTIMIZATION_LEVEL = "-Onone";
			};
			name = Debug;
		};
		59A2356C1C5F6A750083348C /* Release */ = {
			isa = XCBuildConfiguration;
			buildSettings = {
				ALWAYS_SEARCH_USER_PATHS = NO;
				CLANG_CXX_LANGUAGE_STANDARD = "gnu++0x";
				CLANG_CXX_LIBRARY = "libc++";
				CLANG_ENABLE_MODULES = YES;
				CLANG_ENABLE_OBJC_ARC = YES;
				CLANG_WARN_BOOL_CONVERSION = YES;
				CLANG_WARN_CONSTANT_CONVERSION = YES;
				CLANG_WARN_DIRECT_OBJC_ISA_USAGE = YES_ERROR;
				CLANG_WARN_EMPTY_BODY = YES;
				CLANG_WARN_ENUM_CONVERSION = YES;
				CLANG_WARN_INT_CONVERSION = YES;
				CLANG_WARN_OBJC_ROOT_CLASS = YES_ERROR;
				CLANG_WARN_UNREACHABLE_CODE = YES;
				CLANG_WARN__DUPLICATE_METHOD_MATCH = YES;
				"CODE_SIGN_IDENTITY[sdk=iphoneos*]" = "iPhone Developer";
				COPY_PHASE_STRIP = NO;
				DEBUG_INFORMATION_FORMAT = "dwarf-with-dsym";
				ENABLE_NS_ASSERTIONS = NO;
				ENABLE_STRICT_OBJC_MSGSEND = YES;
				GCC_C_LANGUAGE_STANDARD = gnu99;
				GCC_NO_COMMON_BLOCKS = YES;
				GCC_WARN_64_TO_32_BIT_CONVERSION = YES;
				GCC_WARN_ABOUT_RETURN_TYPE = YES_ERROR;
				GCC_WARN_UNDECLARED_SELECTOR = YES;
				GCC_WARN_UNINITIALIZED_AUTOS = YES_AGGRESSIVE;
				GCC_WARN_UNUSED_FUNCTION = YES;
				GCC_WARN_UNUSED_VARIABLE = YES;
				IPHONEOS_DEPLOYMENT_TARGET = 9.2;
				MTL_ENABLE_DEBUG_INFO = NO;
				SDKROOT = iphoneos;
				VALIDATE_PRODUCT = YES;
			};
			name = Release;
		};
		59A2356E1C5F6A750083348C /* Debug */ = {
			isa = XCBuildConfiguration;
			buildSettings = {
				ASSETCATALOG_COMPILER_APPICON_NAME = AppIcon;
				INFOPLIST_FILE = Tanks/Info.plist;
				LD_RUNPATH_SEARCH_PATHS = "$(inherited) @executable_path/Frameworks";
				PRODUCT_BUNDLE_IDENTIFIER = SwatLTD.Tanks;
				PRODUCT_NAME = "$(TARGET_NAME)";
			};
			name = Debug;
		};
		59A2356F1C5F6A750083348C /* Release */ = {
			isa = XCBuildConfiguration;
			buildSettings = {
				ASSETCATALOG_COMPILER_APPICON_NAME = AppIcon;
				INFOPLIST_FILE = Tanks/Info.plist;
				LD_RUNPATH_SEARCH_PATHS = "$(inherited) @executable_path/Frameworks";
				PRODUCT_BUNDLE_IDENTIFIER = SwatLTD.Tanks;
				PRODUCT_NAME = "$(TARGET_NAME)";
			};
			name = Release;
		};
/* End XCBuildConfiguration section */

/* Begin XCConfigurationList section */
		59A235561C5F6A750083348C /* Build configuration list for PBXProject "Tanks" */ = {
			isa = XCConfigurationList;
			buildConfigurations = (
				59A2356B1C5F6A750083348C /* Debug */,
				59A2356C1C5F6A750083348C /* Release */,
			);
			defaultConfigurationIsVisible = 0;
			defaultConfigurationName = Release;
		};
		59A2356D1C5F6A750083348C /* Build configuration list for PBXNativeTarget "Tanks" */ = {
			isa = XCConfigurationList;
			buildConfigurations = (
				59A2356E1C5F6A750083348C /* Debug */,
				59A2356F1C5F6A750083348C /* Release */,
			);
			defaultConfigurationIsVisible = 0;
		};
/* End XCConfigurationList section */
	};
	rootObject = 59A235531C5F6A750083348C /* Project object */;
}
